
Microsoft Visual Studio Solution File, Format Version 12.00
# Visual Studio Version 17
VisualStudioVersion = 17.6.33723.286
MinimumVisualStudioVersion = 10.0.40219.1
Project("{2150E333-8FDC-42A3-9474-1A3956D46DE8}") = "Services", "Services", "{89F88C05-2EB4-404F-AF31-E4785D690B8A}"
EndProject
Project("{2150E333-8FDC-42A3-9474-1A3956D46DE8}") = "Catalog", "Catalog", "{87E9E7AE-7371-4B99-9746-DE43EB7BB13D}"
EndProject
Project("{9A19103F-16F7-4668-BE54-9A1E7A4F7556}") = "Catalog.API", "Services\Catalog\Catalog.API\Catalog.API.csproj", "{69067ED1-4E5F-4ACF-AE40-A652B3B183BA}"
EndProject
Project("{E53339B2-1760-4266-BCC7-CA923CBCF16C}") = "docker-compose", "docker-compose.dcproj", "{12AF979B-81B8-4EFC-94A2-C65F4566D549}"
EndProject
Project("{2150E333-8FDC-42A3-9474-1A3956D46DE8}") = "Basket", "Basket", "{14BDA75A-DE8B-42E8-9171-4FDDEFAB36BA}"
EndProject
Project("{9A19103F-16F7-4668-BE54-9A1E7A4F7556}") = "Basket.API", "Services\Basket\Basket.API\Basket.API.csproj", "{48A9EFC8-09D9-4BC4-923D-77E33D206693}"
EndProject
Project("{2150E333-8FDC-42A3-9474-1A3956D46DE8}") = "Discount", "Discount", "{6ACBE6E9-D5B2-4EDA-A6E8-9A121DEAEF66}"
EndProject
Project("{9A19103F-16F7-4668-BE54-9A1E7A4F7556}") = "Discount.API", "Services\Discount\Discount.API\Discount.API.csproj", "{85A207EF-BA98-4110-82AC-05471274F47A}"
EndProject
Project("{9A19103F-16F7-4668-BE54-9A1E7A4F7556}") = "Discount.Grpc", "Services\Discount\Discount.Grpc\Discount.Grpc.csproj", "{C65183BE-EEF9-43F9-B77E-DDDE448C8938}"
EndProject
Project("{2150E333-8FDC-42A3-9474-1A3956D46DE8}") = "Order", "Order", "{91885918-9826-4798-AF5F-381ACBDFC1A9}"
EndProject
Project("{9A19103F-16F7-4668-BE54-9A1E7A4F7556}") = "Order.API", "Services\Order\Order.API\Order.API.csproj", "{EF3695D4-6DAE-4988-9E9F-113C40D4B285}"
EndProject
Project("{9A19103F-16F7-4668-BE54-9A1E7A4F7556}") = "Order.Domain", "Services\Order\Order.Domain\Order.Domain.csproj", "{7BF154B5-6325-4C48-9733-BD8218E6FC06}"
EndProject
Project("{9A19103F-16F7-4668-BE54-9A1E7A4F7556}") = "Order.Application", "Services\Order\Order.Application\Order.Application.csproj", "{E298BE49-25E6-47EC-85E7-437863DC8EBB}"
EndProject
Project("{9A19103F-16F7-4668-BE54-9A1E7A4F7556}") = "Order.Infrastructure", "Services\Order\Order.Infrastructure\Order.Infrastructure.csproj", "{4A053A8E-EB18-4ACF-90B1-0B26FD534D50}"
EndProject
Project("{2150E333-8FDC-42A3-9474-1A3956D46DE8}") = "BuildingBlocks", "BuildingBlocks", "{0FD0226A-32D2-4F35-855B-B001AEEB989A}"
EndProject
Project("{9A19103F-16F7-4668-BE54-9A1E7A4F7556}") = "EventBus.Messages", "BuildingBlocks\EventBus.Messages\EventBus.Messages.csproj", "{CBF4A3DB-210A-431B-8BEC-02C6A951CE03}"
EndProject
Project("{2150E333-8FDC-42A3-9474-1A3956D46DE8}") = "ApiGateways", "ApiGateways", "{EE5F0F81-8720-42BE-97B8-04EBFC292772}"
EndProject
Project("{FAE04EC0-301F-11D3-BF4B-00C04F79EFBC}") = "OcelotApiGateway", "ApiGateways\OcelotApiGateway\OcelotApiGateway.csproj", "{D33E784F-4460-472D-8449-0AED57101C1F}"
EndProject
Project("{FAE04EC0-301F-11D3-BF4B-00C04F79EFBC}") = "Shopping.Aggregator", "ApiGateways\Shopping.Aggregator\Shopping.Aggregator.csproj", "{91004DC6-C9B5-4832-89AF-E7C967F966B9}"
EndProject
Project("{2150E333-8FDC-42A3-9474-1A3956D46DE8}") = "WebApps", "WebApps", "{F43EB700-531F-4AD6-B62D-A8A3C261978D}"
EndProject
Project("{FAE04EC0-301F-11D3-BF4B-00C04F79EFBC}") = "AspnetRunBasics", "WebApps\AspnetRunBasics\AspnetRunBasics.csproj", "{D8C86BFE-DAF6-4A12-812A-FEF1FDC1F856}"
EndProject
Global
	GlobalSection(SolutionConfigurationPlatforms) = preSolution
		Debug|Any CPU = Debug|Any CPU
		Release|Any CPU = Release|Any CPU
	EndGlobalSection
	GlobalSection(ProjectConfigurationPlatforms) = postSolution
		{69067ED1-4E5F-4ACF-AE40-A652B3B183BA}.Debug|Any CPU.ActiveCfg = Debug|Any CPU
		{69067ED1-4E5F-4ACF-AE40-A652B3B183BA}.Debug|Any CPU.Build.0 = Debug|Any CPU
		{69067ED1-4E5F-4ACF-AE40-A652B3B183BA}.Release|Any CPU.ActiveCfg = Release|Any CPU
		{69067ED1-4E5F-4ACF-AE40-A652B3B183BA}.Release|Any CPU.Build.0 = Release|Any CPU
		{12AF979B-81B8-4EFC-94A2-C65F4566D549}.Debug|Any CPU.ActiveCfg = Debug|Any CPU
		{12AF979B-81B8-4EFC-94A2-C65F4566D549}.Debug|Any CPU.Build.0 = Debug|Any CPU
		{12AF979B-81B8-4EFC-94A2-C65F4566D549}.Release|Any CPU.ActiveCfg = Release|Any CPU
		{12AF979B-81B8-4EFC-94A2-C65F4566D549}.Release|Any CPU.Build.0 = Release|Any CPU
		{48A9EFC8-09D9-4BC4-923D-77E33D206693}.Debug|Any CPU.ActiveCfg = Debug|Any CPU
		{48A9EFC8-09D9-4BC4-923D-77E33D206693}.Debug|Any CPU.Build.0 = Debug|Any CPU
		{48A9EFC8-09D9-4BC4-923D-77E33D206693}.Release|Any CPU.ActiveCfg = Release|Any CPU
		{48A9EFC8-09D9-4BC4-923D-77E33D206693}.Release|Any CPU.Build.0 = Release|Any CPU
		{85A207EF-BA98-4110-82AC-05471274F47A}.Debug|Any CPU.ActiveCfg = Debug|Any CPU
		{85A207EF-BA98-4110-82AC-05471274F47A}.Debug|Any CPU.Build.0 = Debug|Any CPU
		{85A207EF-BA98-4110-82AC-05471274F47A}.Release|Any CPU.ActiveCfg = Release|Any CPU
		{85A207EF-BA98-4110-82AC-05471274F47A}.Release|Any CPU.Build.0 = Release|Any CPU
		{C65183BE-EEF9-43F9-B77E-DDDE448C8938}.Debug|Any CPU.ActiveCfg = Debug|Any CPU
		{C65183BE-EEF9-43F9-B77E-DDDE448C8938}.Debug|Any CPU.Build.0 = Debug|Any CPU
		{C65183BE-EEF9-43F9-B77E-DDDE448C8938}.Release|Any CPU.ActiveCfg = Release|Any CPU
		{C65183BE-EEF9-43F9-B77E-DDDE448C8938}.Release|Any CPU.Build.0 = Release|Any CPU
		{EF3695D4-6DAE-4988-9E9F-113C40D4B285}.Debug|Any CPU.ActiveCfg = Debug|Any CPU
		{EF3695D4-6DAE-4988-9E9F-113C40D4B285}.Debug|Any CPU.Build.0 = Debug|Any CPU
		{EF3695D4-6DAE-4988-9E9F-113C40D4B285}.Release|Any CPU.ActiveCfg = Release|Any CPU
		{EF3695D4-6DAE-4988-9E9F-113C40D4B285}.Release|Any CPU.Build.0 = Release|Any CPU
		{7BF154B5-6325-4C48-9733-BD8218E6FC06}.Debug|Any CPU.ActiveCfg = Debug|Any CPU
		{7BF154B5-6325-4C48-9733-BD8218E6FC06}.Debug|Any CPU.Build.0 = Debug|Any CPU
		{7BF154B5-6325-4C48-9733-BD8218E6FC06}.Release|Any CPU.ActiveCfg = Release|Any CPU
		{7BF154B5-6325-4C48-9733-BD8218E6FC06}.Release|Any CPU.Build.0 = Release|Any CPU
		{E298BE49-25E6-47EC-85E7-437863DC8EBB}.Debug|Any CPU.ActiveCfg = Debug|Any CPU
		{E298BE49-25E6-47EC-85E7-437863DC8EBB}.Debug|Any CPU.Build.0 = Debug|Any CPU
		{E298BE49-25E6-47EC-85E7-437863DC8EBB}.Release|Any CPU.ActiveCfg = Release|Any CPU
		{E298BE49-25E6-47EC-85E7-437863DC8EBB}.Release|Any CPU.Build.0 = Release|Any CPU
		{4A053A8E-EB18-4ACF-90B1-0B26FD534D50}.Debug|Any CPU.ActiveCfg = Debug|Any CPU
		{4A053A8E-EB18-4ACF-90B1-0B26FD534D50}.Debug|Any CPU.Build.0 = Debug|Any CPU
		{4A053A8E-EB18-4ACF-90B1-0B26FD534D50}.Release|Any CPU.ActiveCfg = Release|Any CPU
		{4A053A8E-EB18-4ACF-90B1-0B26FD534D50}.Release|Any CPU.Build.0 = Release|Any CPU
		{CBF4A3DB-210A-431B-8BEC-02C6A951CE03}.Debug|Any CPU.ActiveCfg = Debug|Any CPU
		{CBF4A3DB-210A-431B-8BEC-02C6A951CE03}.Debug|Any CPU.Build.0 = Debug|Any CPU
		{CBF4A3DB-210A-431B-8BEC-02C6A951CE03}.Release|Any CPU.ActiveCfg = Release|Any CPU
		{CBF4A3DB-210A-431B-8BEC-02C6A951CE03}.Release|Any CPU.Build.0 = Release|Any CPU
		{D33E784F-4460-472D-8449-0AED57101C1F}.Debug|Any CPU.ActiveCfg = Debug|Any CPU
		{D33E784F-4460-472D-8449-0AED57101C1F}.Debug|Any CPU.Build.0 = Debug|Any CPU
		{D33E784F-4460-472D-8449-0AED57101C1F}.Release|Any CPU.ActiveCfg = Release|Any CPU
		{D33E784F-4460-472D-8449-0AED57101C1F}.Release|Any CPU.Build.0 = Release|Any CPU
		{91004DC6-C9B5-4832-89AF-E7C967F966B9}.Debug|Any CPU.ActiveCfg = Debug|Any CPU
		{91004DC6-C9B5-4832-89AF-E7C967F966B9}.Debug|Any CPU.Build.0 = Debug|Any CPU
		{91004DC6-C9B5-4832-89AF-E7C967F966B9}.Release|Any CPU.ActiveCfg = Release|Any CPU
		{91004DC6-C9B5-4832-89AF-E7C967F966B9}.Release|Any CPU.Build.0 = Release|Any CPU
		{D8C86BFE-DAF6-4A12-812A-FEF1FDC1F856}.Debug|Any CPU.ActiveCfg = Debug|Any CPU
		{D8C86BFE-DAF6-4A12-812A-FEF1FDC1F856}.Debug|Any CPU.Build.0 = Debug|Any CPU
		{D8C86BFE-DAF6-4A12-812A-FEF1FDC1F856}.Release|Any CPU.ActiveCfg = Release|Any CPU
		{D8C86BFE-DAF6-4A12-812A-FEF1FDC1F856}.Release|Any CPU.Build.0 = Release|Any CPU
	EndGlobalSection
	GlobalSection(SolutionProperties) = preSolution
		HideSolutionNode = FALSE
	EndGlobalSection
	GlobalSection(NestedProjects) = preSolution
		{87E9E7AE-7371-4B99-9746-DE43EB7BB13D} = {89F88C05-2EB4-404F-AF31-E4785D690B8A}
		{69067ED1-4E5F-4ACF-AE40-A652B3B183BA} = {87E9E7AE-7371-4B99-9746-DE43EB7BB13D}
		{14BDA75A-DE8B-42E8-9171-4FDDEFAB36BA} = {89F88C05-2EB4-404F-AF31-E4785D690B8A}
		{48A9EFC8-09D9-4BC4-923D-77E33D206693} = {14BDA75A-DE8B-42E8-9171-4FDDEFAB36BA}
		{6ACBE6E9-D5B2-4EDA-A6E8-9A121DEAEF66} = {89F88C05-2EB4-404F-AF31-E4785D690B8A}
		{85A207EF-BA98-4110-82AC-05471274F47A} = {6ACBE6E9-D5B2-4EDA-A6E8-9A121DEAEF66}
		{C65183BE-EEF9-43F9-B77E-DDDE448C8938} = {6ACBE6E9-D5B2-4EDA-A6E8-9A121DEAEF66}
		{91885918-9826-4798-AF5F-381ACBDFC1A9} = {89F88C05-2EB4-404F-AF31-E4785D690B8A}
		{EF3695D4-6DAE-4988-9E9F-113C40D4B285} = {91885918-9826-4798-AF5F-381ACBDFC1A9}
		{7BF154B5-6325-4C48-9733-BD8218E6FC06} = {91885918-9826-4798-AF5F-381ACBDFC1A9}
		{E298BE49-25E6-47EC-85E7-437863DC8EBB} = {91885918-9826-4798-AF5F-381ACBDFC1A9}
		{4A053A8E-EB18-4ACF-90B1-0B26FD534D50} = {91885918-9826-4798-AF5F-381ACBDFC1A9}
		{CBF4A3DB-210A-431B-8BEC-02C6A951CE03} = {0FD0226A-32D2-4F35-855B-B001AEEB989A}
		{D33E784F-4460-472D-8449-0AED57101C1F} = {EE5F0F81-8720-42BE-97B8-04EBFC292772}
		{91004DC6-C9B5-4832-89AF-E7C967F966B9} = {EE5F0F81-8720-42BE-97B8-04EBFC292772}
		{D8C86BFE-DAF6-4A12-812A-FEF1FDC1F856} = {F43EB700-531F-4AD6-B62D-A8A3C261978D}
	EndGlobalSection
	GlobalSection(ExtensibilityGlobals) = postSolution
		SolutionGuid = {6BDF10FC-413C-46BA-8199-807C61CD9D86}
	EndGlobalSection
EndGlobal
