
Microsoft Visual Studio Solution File, Format Version 12.00
# Visual Studio Version 17
VisualStudioVersion = 17.6.33723.286
MinimumVisualStudioVersion = 10.0.40219.1
Project("{2150E333-8FDC-42A3-9474-1A3956D46DE8}") = "Services", "Services", "{89F88C05-2EB4-404F-AF31-E4785D690B8A}"
EndProject
Project("{2150E333-8FDC-42A3-9474-1A3956D46DE8}") = "Catalog", "Catalog", "{87E9E7AE-7371-4B99-9746-DE43EB7BB13D}"
EndProject
Project("{FAE04EC0-301F-11D3-BF4B-00C04F79EFBC}") = "Catalog.API", "Services\Catalog\Catalog.API\Catalog.API.csproj", "{69067ED1-4E5F-4ACF-AE40-A652B3B183BA}"
EndProject
Project("{E53339B2-1760-4266-BCC7-CA923CBCF16C}") = "docker-compose", "docker-compose.dcproj", "{12AF979B-81B8-4EFC-94A2-C65F4566D549}"
EndProject
Project("{2150E333-8FDC-42A3-9474-1A3956D46DE8}") = "Basket", "Basket", "{14BDA75A-DE8B-42E8-9171-4FDDEFAB36BA}"
EndProject
Project("{FAE04EC0-301F-11D3-BF4B-00C04F79EFBC}") = "Basket.API", "Services\Basket\Basket.API\Basket.API.csproj", "{48A9EFC8-09D9-4BC4-923D-77E33D206693}"
EndProject
Project("{2150E333-8FDC-42A3-9474-1A3956D46DE8}") = "Discount", "Discount", "{6ACBE6E9-D5B2-4EDA-A6E8-9A121DEAEF66}"
EndProject
Project("{FAE04EC0-301F-11D3-BF4B-00C04F79EFBC}") = "Discount.API", "Services\Discount\Discount.API\Discount.API.csproj", "{85A207EF-BA98-4110-82AC-05471274F47A}"
EndProject
Project("{FAE04EC0-301F-11D3-BF4B-00C04F79EFBC}") = "Discount.Grpc", "Services\Discount\Discount.Grpc\Discount.Grpc.csproj", "{C65183BE-EEF9-43F9-B77E-DDDE448C8938}"
EndProject
Global
	GlobalSection(SolutionConfigurationPlatforms) = preSolution
		Debug|Any CPU = Debug|Any CPU
		Release|Any CPU = Release|Any CPU
	EndGlobalSection
	GlobalSection(ProjectConfigurationPlatforms) = postSolution
		{69067ED1-4E5F-4ACF-AE40-A652B3B183BA}.Debug|Any CPU.ActiveCfg = Debug|Any CPU
		{69067ED1-4E5F-4ACF-AE40-A652B3B183BA}.Debug|Any CPU.Build.0 = Debug|Any CPU
		{69067ED1-4E5F-4ACF-AE40-A652B3B183BA}.Release|Any CPU.ActiveCfg = Release|Any CPU
		{69067ED1-4E5F-4ACF-AE40-A652B3B183BA}.Release|Any CPU.Build.0 = Release|Any CPU
		{12AF979B-81B8-4EFC-94A2-C65F4566D549}.Debug|Any CPU.ActiveCfg = Debug|Any CPU
		{12AF979B-81B8-4EFC-94A2-C65F4566D549}.Debug|Any CPU.Build.0 = Debug|Any CPU
		{12AF979B-81B8-4EFC-94A2-C65F4566D549}.Release|Any CPU.ActiveCfg = Release|Any CPU
		{12AF979B-81B8-4EFC-94A2-C65F4566D549}.Release|Any CPU.Build.0 = Release|Any CPU
		{48A9EFC8-09D9-4BC4-923D-77E33D206693}.Debug|Any CPU.ActiveCfg = Debug|Any CPU
		{48A9EFC8-09D9-4BC4-923D-77E33D206693}.Debug|Any CPU.Build.0 = Debug|Any CPU
		{48A9EFC8-09D9-4BC4-923D-77E33D206693}.Release|Any CPU.ActiveCfg = Release|Any CPU
		{48A9EFC8-09D9-4BC4-923D-77E33D206693}.Release|Any CPU.Build.0 = Release|Any CPU
		{85A207EF-BA98-4110-82AC-05471274F47A}.Debug|Any CPU.ActiveCfg = Debug|Any CPU
		{85A207EF-BA98-4110-82AC-05471274F47A}.Debug|Any CPU.Build.0 = Debug|Any CPU
		{85A207EF-BA98-4110-82AC-05471274F47A}.Release|Any CPU.ActiveCfg = Release|Any CPU
		{85A207EF-BA98-4110-82AC-05471274F47A}.Release|Any CPU.Build.0 = Release|Any CPU
		{C65183BE-EEF9-43F9-B77E-DDDE448C8938}.Debug|Any CPU.ActiveCfg = Debug|Any CPU
		{C65183BE-EEF9-43F9-B77E-DDDE448C8938}.Debug|Any CPU.Build.0 = Debug|Any CPU
		{C65183BE-EEF9-43F9-B77E-DDDE448C8938}.Release|Any CPU.ActiveCfg = Release|Any CPU
		{C65183BE-EEF9-43F9-B77E-DDDE448C8938}.Release|Any CPU.Build.0 = Release|Any CPU
	EndGlobalSection
	GlobalSection(SolutionProperties) = preSolution
		HideSolutionNode = FALSE
	EndGlobalSection
	GlobalSection(NestedProjects) = preSolution
		{87E9E7AE-7371-4B99-9746-DE43EB7BB13D} = {89F88C05-2EB4-404F-AF31-E4785D690B8A}
		{69067ED1-4E5F-4ACF-AE40-A652B3B183BA} = {87E9E7AE-7371-4B99-9746-DE43EB7BB13D}
		{14BDA75A-DE8B-42E8-9171-4FDDEFAB36BA} = {89F88C05-2EB4-404F-AF31-E4785D690B8A}
		{48A9EFC8-09D9-4BC4-923D-77E33D206693} = {14BDA75A-DE8B-42E8-9171-4FDDEFAB36BA}
		{6ACBE6E9-D5B2-4EDA-A6E8-9A121DEAEF66} = {89F88C05-2EB4-404F-AF31-E4785D690B8A}
		{85A207EF-BA98-4110-82AC-05471274F47A} = {6ACBE6E9-D5B2-4EDA-A6E8-9A121DEAEF66}
		{C65183BE-EEF9-43F9-B77E-DDDE448C8938} = {6ACBE6E9-D5B2-4EDA-A6E8-9A121DEAEF66}
	EndGlobalSection
	GlobalSection(ExtensibilityGlobals) = postSolution
		SolutionGuid = {6BDF10FC-413C-46BA-8199-807C61CD9D86}
	EndGlobalSection
EndGlobal
